# This file is @generated by PDM.
# It is not intended for manual editing.

[metadata]
groups = ["default", "lint", "doc", "dev"]
strategy = ["cross_platform", "inherit_metadata"]
lock_version = "4.4.1"
content_hash = "sha256:10f51bb387fc6034e20457b5995a06694edf3b918586a6f25e6984473a98a296"

[[package]]
name = "asttokens"
version = "2.4.1"
summary = "Annotate AST trees with source code positions"
groups = ["dev"]
dependencies = [
    "six>=1.12.0",
]
files = [
    {file = "asttokens-2.4.1-py2.py3-none-any.whl", hash = "sha256:051ed49c3dcae8913ea7cd08e46a606dba30b79993209636c4875bc1d637bc24"},
    {file = "asttokens-2.4.1.tar.gz", hash = "sha256:b03869718ba9a6eb027e134bfdf69f38a236d681c83c160d510768af11254ba0"},
]

[[package]]
name = "babel"
version = "2.14.0"
requires_python = ">=3.7"
summary = "Internationalization utilities"
groups = ["doc"]
files = [
    {file = "Babel-2.14.0-py3-none-any.whl", hash = "sha256:efb1a25b7118e67ce3a259bed20545c29cb68be8ad2c784c83689981b7a57287"},
    {file = "Babel-2.14.0.tar.gz", hash = "sha256:6919867db036398ba21eb5c7a0f6b28ab8cbc3ae7a73a44ebe34ae74a4e7d363"},
]

[[package]]
name = "certifi"
version = "2023.11.17"
requires_python = ">=3.6"
summary = "Python package for providing Mozilla's CA Bundle."
groups = ["doc"]
files = [
    {file = "certifi-2023.11.17-py3-none-any.whl", hash = "sha256:e036ab49d5b79556f99cfc2d9320b34cfbe5be05c5871b51de9329f0603b0474"},
    {file = "certifi-2023.11.17.tar.gz", hash = "sha256:9b469f3a900bf28dc19b8cfbf8019bf47f7fdd1a65a1d4ffb98fc14166beb4d1"},
]

[[package]]
name = "cfgv"
version = "3.4.0"
requires_python = ">=3.8"
summary = "Validate configuration and produce human readable error messages."
groups = ["lint"]
files = [
    {file = "cfgv-3.4.0-py2.py3-none-any.whl", hash = "sha256:b7265b1f29fd3316bfcd2b330d63d024f2bfd8bcb8b0272f8e19a504856c48f9"},
    {file = "cfgv-3.4.0.tar.gz", hash = "sha256:e52591d4c5f5dead8e0f673fb16db7949d2cfb3f7da4582893288f0ded8fe560"},
]

[[package]]
name = "charset-normalizer"
version = "3.3.2"
requires_python = ">=3.7.0"
summary = "The Real First Universal Charset Detector. Open, modern and actively maintained alternative to Chardet."
groups = ["doc"]
files = [
    {file = "charset-normalizer-3.3.2.tar.gz", hash = "sha256:f30c3cb33b24454a82faecaf01b19c18562b1e89558fb6c56de4d9118a032fd5"},
    {file = "charset_normalizer-3.3.2-cp312-cp312-macosx_10_9_universal2.whl", hash = "sha256:0b2b64d2bb6d3fb9112bafa732def486049e63de9618b5843bcdd081d8144cd8"},
    {file = "charset_normalizer-3.3.2-cp312-cp312-macosx_10_9_x86_64.whl", hash = "sha256:ddbb2551d7e0102e7252db79ba445cdab71b26640817ab1e3e3648dad515003b"},
    {file = "charset_normalizer-3.3.2-cp312-cp312-macosx_11_0_arm64.whl", hash = "sha256:55086ee1064215781fff39a1af09518bc9255b50d6333f2e4c74ca09fac6a8f6"},
    {file = "charset_normalizer-3.3.2-cp312-cp312-manylinux_2_17_aarch64.manylinux2014_aarch64.whl", hash = "sha256:8f4a014bc36d3c57402e2977dada34f9c12300af536839dc38c0beab8878f38a"},
    {file = "charset_normalizer-3.3.2-cp312-cp312-manylinux_2_17_ppc64le.manylinux2014_ppc64le.whl", hash = "sha256:a10af20b82360ab00827f916a6058451b723b4e65030c5a18577c8b2de5b3389"},
    {file = "charset_normalizer-3.3.2-cp312-cp312-manylinux_2_17_s390x.manylinux2014_s390x.whl", hash = "sha256:8d756e44e94489e49571086ef83b2bb8ce311e730092d2c34ca8f7d925cb20aa"},
    {file = "charset_normalizer-3.3.2-cp312-cp312-manylinux_2_17_x86_64.manylinux2014_x86_64.whl", hash = "sha256:90d558489962fd4918143277a773316e56c72da56ec7aa3dc3dbbe20fdfed15b"},
    {file = "charset_normalizer-3.3.2-cp312-cp312-manylinux_2_5_i686.manylinux1_i686.manylinux_2_17_i686.manylinux2014_i686.whl", hash = "sha256:6ac7ffc7ad6d040517be39eb591cac5ff87416c2537df6ba3cba3bae290c0fed"},
    {file = "charset_normalizer-3.3.2-cp312-cp312-musllinux_1_1_aarch64.whl", hash = "sha256:7ed9e526742851e8d5cc9e6cf41427dfc6068d4f5a3bb03659444b4cabf6bc26"},
    {file = "charset_normalizer-3.3.2-cp312-cp312-musllinux_1_1_i686.whl", hash = "sha256:8bdb58ff7ba23002a4c5808d608e4e6c687175724f54a5dade5fa8c67b604e4d"},
    {file = "charset_normalizer-3.3.2-cp312-cp312-musllinux_1_1_ppc64le.whl", hash = "sha256:6b3251890fff30ee142c44144871185dbe13b11bab478a88887a639655be1068"},
    {file = "charset_normalizer-3.3.2-cp312-cp312-musllinux_1_1_s390x.whl", hash = "sha256:b4a23f61ce87adf89be746c8a8974fe1c823c891d8f86eb218bb957c924bb143"},
    {file = "charset_normalizer-3.3.2-cp312-cp312-musllinux_1_1_x86_64.whl", hash = "sha256:efcb3f6676480691518c177e3b465bcddf57cea040302f9f4e6e191af91174d4"},
    {file = "charset_normalizer-3.3.2-cp312-cp312-win32.whl", hash = "sha256:d965bba47ddeec8cd560687584e88cf699fd28f192ceb452d1d7ee807c5597b7"},
    {file = "charset_normalizer-3.3.2-cp312-cp312-win_amd64.whl", hash = "sha256:96b02a3dc4381e5494fad39be677abcb5e6634bf7b4fa83a6dd3112607547001"},
    {file = "charset_normalizer-3.3.2-py3-none-any.whl", hash = "sha256:3e4d1f6587322d2788836a99c69062fbb091331ec940e02d12d179c1d53e25fc"},
]

[[package]]
name = "click"
version = "8.1.7"
requires_python = ">=3.7"
summary = "Composable command line interface toolkit"
groups = ["doc"]
dependencies = [
    "colorama; platform_system == \"Windows\"",
]
files = [
    {file = "click-8.1.7-py3-none-any.whl", hash = "sha256:ae74fb96c20a0277a1d615f1e4d73c8414f5a98db8b799a7931d1582f3390c28"},
    {file = "click-8.1.7.tar.gz", hash = "sha256:ca9853ad459e787e2192211578cc907e7594e294c7ccc834310722b41b9ca6de"},
]

[[package]]
name = "colorama"
version = "0.4.6"
requires_python = "!=3.0.*,!=3.1.*,!=3.2.*,!=3.3.*,!=3.4.*,!=3.5.*,!=3.6.*,>=2.7"
summary = "Cross-platform colored terminal text."
groups = ["dev", "doc"]
files = [
    {file = "colorama-0.4.6-py2.py3-none-any.whl", hash = "sha256:4f1d9991f5acc0ca119f9d443620b77f9d6b33703e51011c16baf57afb285fc6"},
    {file = "colorama-0.4.6.tar.gz", hash = "sha256:08695f5cb7ed6e0531a20572697297273c47b8cae5a63ffc6d6ed5c201be6e44"},
]

[[package]]
name = "decorator"
version = "5.1.1"
requires_python = ">=3.5"
summary = "Decorators for Humans"
groups = ["dev"]
files = [
    {file = "decorator-5.1.1-py3-none-any.whl", hash = "sha256:b8c3f85900b9dc423225913c5aace94729fe1fa9763b38939a95226f02d37186"},
    {file = "decorator-5.1.1.tar.gz", hash = "sha256:637996211036b6385ef91435e4fae22989472f9d571faba8927ba8253acbc330"},
]

[[package]]
name = "distlib"
version = "0.3.8"
summary = "Distribution utilities"
groups = ["lint"]
files = [
    {file = "distlib-0.3.8-py2.py3-none-any.whl", hash = "sha256:034db59a0b96f8ca18035f36290806a9a6e6bd9d1ff91e45a7f172eb17e51784"},
    {file = "distlib-0.3.8.tar.gz", hash = "sha256:1530ea13e350031b6312d8580ddb6b27a104275a31106523b8f123787f494f64"},
]

[[package]]
name = "executing"
version = "2.0.1"
requires_python = ">=3.5"
summary = "Get the currently executing AST node of a frame, and other information"
groups = ["dev"]
files = [
    {file = "executing-2.0.1-py2.py3-none-any.whl", hash = "sha256:eac49ca94516ccc753f9fb5ce82603156e590b27525a8bc32cce8ae302eb61bc"},
    {file = "executing-2.0.1.tar.gz", hash = "sha256:35afe2ce3affba8ee97f2d69927fa823b08b472b7b994e36a52a964b93d16147"},
]

[[package]]
name = "filelock"
version = "3.13.1"
requires_python = ">=3.8"
summary = "A platform independent file lock."
groups = ["lint"]
files = [
    {file = "filelock-3.13.1-py3-none-any.whl", hash = "sha256:57dbda9b35157b05fb3e58ee91448612eb674172fab98ee235ccb0b5bee19a1c"},
    {file = "filelock-3.13.1.tar.gz", hash = "sha256:521f5f56c50f8426f5e03ad3b281b490a87ef15bc6c526f168290f0c7148d44e"},
]

[[package]]
name = "ghp-import"
version = "2.1.0"
summary = "Copy your docs directly to the gh-pages branch."
groups = ["doc"]
dependencies = [
    "python-dateutil>=2.8.1",
]
files = [
    {file = "ghp-import-2.1.0.tar.gz", hash = "sha256:9c535c4c61193c2df8871222567d7fd7e5014d835f97dc7b7439069e2413d343"},
    {file = "ghp_import-2.1.0-py3-none-any.whl", hash = "sha256:8337dd7b50877f163d4c0289bc1f1c7f127550241988d568c1db512c4324a619"},
]

[[package]]
name = "griffe"
version = "0.39.1"
requires_python = ">=3.8"
summary = "Signatures for entire Python programs. Extract the structure, the frame, the skeleton of your project, to generate API documentation or find breaking changes in your API."
groups = ["doc"]
dependencies = [
    "colorama>=0.4",
]
files = [
    {file = "griffe-0.39.1-py3-none-any.whl", hash = "sha256:6ce4ecffcf0d2f96362c5974b3f7df812da8f8d4cfcc5ebc8202ef72656fc087"},
    {file = "griffe-0.39.1.tar.gz", hash = "sha256:ead8dfede6e6531cce6bf69090a4f3c6d36fdf923c43f8e85aa530552cef0c09"},
]

[[package]]
name = "identify"
version = "2.5.33"
requires_python = ">=3.8"
summary = "File identification library for Python"
groups = ["lint"]
files = [
    {file = "identify-2.5.33-py2.py3-none-any.whl", hash = "sha256:d40ce5fcd762817627670da8a7d8d8e65f24342d14539c59488dc603bf662e34"},
    {file = "identify-2.5.33.tar.gz", hash = "sha256:161558f9fe4559e1557e1bff323e8631f6a0e4837f7497767c1782832f16b62d"},
]

[[package]]
name = "idna"
version = "3.6"
requires_python = ">=3.5"
summary = "Internationalized Domain Names in Applications (IDNA)"
groups = ["doc"]
files = [
    {file = "idna-3.6-py3-none-any.whl", hash = "sha256:c05567e9c24a6b9faaa835c4821bad0590fbb9d5779e7caa6e1cc4978e7eb24f"},
    {file = "idna-3.6.tar.gz", hash = "sha256:9ecdbbd083b06798ae1e86adcbfe8ab1479cf864e4ee30fe4e46a003d12491ca"},
]

[[package]]
name = "ipython"
version = "8.20.0"
requires_python = ">=3.10"
summary = "IPython: Productive Interactive Computing"
groups = ["dev"]
dependencies = [
    "colorama; sys_platform == \"win32\"",
    "decorator",
    "jedi>=0.16",
    "matplotlib-inline",
    "pexpect>4.3; sys_platform != \"win32\"",
    "prompt-toolkit<3.1.0,>=3.0.41",
    "pygments>=2.4.0",
    "stack-data",
    "traitlets>=5",
]
files = [
    {file = "ipython-8.20.0-py3-none-any.whl", hash = "sha256:bc9716aad6f29f36c449e30821c9dd0c1c1a7b59ddcc26931685b87b4c569619"},
    {file = "ipython-8.20.0.tar.gz", hash = "sha256:2f21bd3fc1d51550c89ee3944ae04bbc7bc79e129ea0937da6e6c68bfdbf117a"},
]

[[package]]
name = "jedi"
version = "0.19.1"
requires_python = ">=3.6"
summary = "An autocompletion tool for Python that can be used for text editors."
groups = ["dev"]
dependencies = [
    "parso<0.9.0,>=0.8.3",
]
files = [
    {file = "jedi-0.19.1-py2.py3-none-any.whl", hash = "sha256:e983c654fe5c02867aef4cdfce5a2fbb4a50adc0af145f70504238f18ef5e7e0"},
    {file = "jedi-0.19.1.tar.gz", hash = "sha256:cf0496f3651bc65d7174ac1b7d043eff454892c708a87d1b683e57b569927ffd"},
]

[[package]]
name = "jinja2"
version = "3.1.3"
requires_python = ">=3.7"
summary = "A very fast and expressive template engine."
groups = ["doc"]
dependencies = [
    "MarkupSafe>=2.0",
]
files = [
    {file = "Jinja2-3.1.3-py3-none-any.whl", hash = "sha256:7d6d50dd97d52cbc355597bd845fabfbac3f551e1f99619e39a35ce8c370b5fa"},
    {file = "Jinja2-3.1.3.tar.gz", hash = "sha256:ac8bd6544d4bb2c9792bf3a159e80bba8fda7f07e81bc3aed565432d5925ba90"},
]

[[package]]
name = "markdown"
version = "3.5.2"
requires_python = ">=3.8"
summary = "Python implementation of John Gruber's Markdown."
groups = ["doc"]
files = [
    {file = "Markdown-3.5.2-py3-none-any.whl", hash = "sha256:d43323865d89fc0cb9b20c75fc8ad313af307cc087e84b657d9eec768eddeadd"},
    {file = "Markdown-3.5.2.tar.gz", hash = "sha256:e1ac7b3dc550ee80e602e71c1d168002f062e49f1b11e26a36264dafd4df2ef8"},
]

[[package]]
name = "markdown-it-py"
version = "3.0.0"
requires_python = ">=3.8"
summary = "Python port of markdown-it. Markdown parsing, done right!"
groups = ["dev"]
dependencies = [
    "mdurl~=0.1",
]
files = [
    {file = "markdown-it-py-3.0.0.tar.gz", hash = "sha256:e3f60a94fa066dc52ec76661e37c851cb232d92f9886b15cb560aaada2df8feb"},
    {file = "markdown_it_py-3.0.0-py3-none-any.whl", hash = "sha256:355216845c60bd96232cd8d8c40e8f9765cc86f46880e43a8fd22dc1a1a8cab1"},
]

[[package]]
name = "markupsafe"
version = "2.1.4"
requires_python = ">=3.7"
summary = "Safely add untrusted strings to HTML/XML markup."
groups = ["default", "doc"]
files = [
    {file = "MarkupSafe-2.1.4-cp312-cp312-macosx_10_9_universal2.whl", hash = "sha256:a76cd37d229fc385738bd1ce4cba2a121cf26b53864c1772694ad0ad348e509e"},
    {file = "MarkupSafe-2.1.4-cp312-cp312-macosx_10_9_x86_64.whl", hash = "sha256:987d13fe1d23e12a66ca2073b8d2e2a75cec2ecb8eab43ff5624ba0ad42764bc"},
    {file = "MarkupSafe-2.1.4-cp312-cp312-manylinux_2_17_aarch64.manylinux2014_aarch64.whl", hash = "sha256:5244324676254697fe5c181fc762284e2c5fceeb1c4e3e7f6aca2b6f107e60dc"},
    {file = "MarkupSafe-2.1.4-cp312-cp312-manylinux_2_17_x86_64.manylinux2014_x86_64.whl", hash = "sha256:78bc995e004681246e85e28e068111a4c3f35f34e6c62da1471e844ee1446250"},
    {file = "MarkupSafe-2.1.4-cp312-cp312-manylinux_2_5_i686.manylinux1_i686.manylinux_2_17_i686.manylinux2014_i686.whl", hash = "sha256:a4d176cfdfde84f732c4a53109b293d05883e952bbba68b857ae446fa3119b4f"},
    {file = "MarkupSafe-2.1.4-cp312-cp312-musllinux_1_1_aarch64.whl", hash = "sha256:f9917691f410a2e0897d1ef99619fd3f7dd503647c8ff2475bf90c3cf222ad74"},
    {file = "MarkupSafe-2.1.4-cp312-cp312-musllinux_1_1_i686.whl", hash = "sha256:f06e5a9e99b7df44640767842f414ed5d7bedaaa78cd817ce04bbd6fd86e2dd6"},
    {file = "MarkupSafe-2.1.4-cp312-cp312-musllinux_1_1_x86_64.whl", hash = "sha256:396549cea79e8ca4ba65525470d534e8a41070e6b3500ce2414921099cb73e8d"},
    {file = "MarkupSafe-2.1.4-cp312-cp312-win32.whl", hash = "sha256:f6be2d708a9d0e9b0054856f07ac7070fbe1754be40ca8525d5adccdbda8f475"},
    {file = "MarkupSafe-2.1.4-cp312-cp312-win_amd64.whl", hash = "sha256:5045e892cfdaecc5b4c01822f353cf2c8feb88a6ec1c0adef2a2e705eef0f656"},
    {file = "MarkupSafe-2.1.4.tar.gz", hash = "sha256:3aae9af4cac263007fd6309c64c6ab4506dd2b79382d9d19a1994f9240b8db4f"},
]

[[package]]
name = "matplotlib-inline"
version = "0.1.6"
requires_python = ">=3.5"
summary = "Inline Matplotlib backend for Jupyter"
groups = ["dev"]
dependencies = [
    "traitlets",
]
files = [
    {file = "matplotlib-inline-0.1.6.tar.gz", hash = "sha256:f887e5f10ba98e8d2b150ddcf4702c1e5f8b3a20005eb0f74bfdbd360ee6f304"},
    {file = "matplotlib_inline-0.1.6-py3-none-any.whl", hash = "sha256:f1f41aab5328aa5aaea9b16d083b128102f8712542f819fe7e6a420ff581b311"},
]

[[package]]
name = "mdurl"
version = "0.1.2"
requires_python = ">=3.7"
summary = "Markdown URL utilities"
groups = ["dev"]
files = [
    {file = "mdurl-0.1.2-py3-none-any.whl", hash = "sha256:84008a41e51615a49fc9966191ff91509e3c40b939176e643fd50a5c2196b8f8"},
    {file = "mdurl-0.1.2.tar.gz", hash = "sha256:bb413d29f5eea38f31dd4754dd7377d4465116fb207585f97bf925588687c1ba"},
]

[[package]]
name = "mergedeep"
version = "1.3.4"
requires_python = ">=3.6"
summary = "A deep merge function for 🐍."
groups = ["doc"]
files = [
    {file = "mergedeep-1.3.4-py3-none-any.whl", hash = "sha256:70775750742b25c0d8f36c55aed03d24c3384d17c951b3175d898bd778ef0307"},
    {file = "mergedeep-1.3.4.tar.gz", hash = "sha256:0096d52e9dad9939c3d975a774666af186eda617e6ca84df4c94dec30004f2a8"},
]

[[package]]
name = "mkdocs"
version = "1.5.3"
requires_python = ">=3.7"
summary = "Project documentation with Markdown."
groups = ["doc"]
dependencies = [
    "click>=7.0",
    "colorama>=0.4; platform_system == \"Windows\"",
    "ghp-import>=1.0",
    "jinja2>=2.11.1",
    "markdown>=3.2.1",
    "markupsafe>=2.0.1",
    "mergedeep>=1.3.4",
    "packaging>=20.5",
    "pathspec>=0.11.1",
    "platformdirs>=2.2.0",
    "pyyaml-env-tag>=0.1",
    "pyyaml>=5.1",
    "watchdog>=2.0",
]
files = [
    {file = "mkdocs-1.5.3-py3-none-any.whl", hash = "sha256:3b3a78e736b31158d64dbb2f8ba29bd46a379d0c6e324c2246c3bc3d2189cfc1"},
    {file = "mkdocs-1.5.3.tar.gz", hash = "sha256:eb7c99214dcb945313ba30426c2451b735992c73c2e10838f76d09e39ff4d0e2"},
]

[[package]]
name = "mkdocs-autorefs"
version = "0.5.0"
requires_python = ">=3.8"
summary = "Automatically link across pages in MkDocs."
groups = ["doc"]
dependencies = [
    "Markdown>=3.3",
    "mkdocs>=1.1",
]
files = [
    {file = "mkdocs_autorefs-0.5.0-py3-none-any.whl", hash = "sha256:7930fcb8ac1249f10e683967aeaddc0af49d90702af111a5e390e8b20b3d97ff"},
    {file = "mkdocs_autorefs-0.5.0.tar.gz", hash = "sha256:9a5054a94c08d28855cfab967ada10ed5be76e2bfad642302a610b252c3274c0"},
]

[[package]]
name = "mkdocs-material"
version = "9.5.5"
requires_python = ">=3.8"
summary = "Documentation that simply works"
groups = ["doc"]
dependencies = [
    "babel~=2.10",
    "colorama~=0.4",
    "jinja2~=3.0",
    "markdown~=3.2",
    "mkdocs-material-extensions~=1.3",
    "mkdocs~=1.5.3",
    "paginate~=0.5",
    "pygments~=2.16",
    "pymdown-extensions~=10.2",
    "regex>=2022.4",
    "requests~=2.26",
]
files = [
    {file = "mkdocs_material-9.5.5-py3-none-any.whl", hash = "sha256:ac50b2431a79a3b160fdefbba37c9132485f1a69166aba115ad49fafdbbbc5df"},
    {file = "mkdocs_material-9.5.5.tar.gz", hash = "sha256:4480d9580faf42fed0123d0465502bfc1c0c239ecc9c4d66159cf0459ea1b4ae"},
]

[[package]]
name = "mkdocs-material-extensions"
version = "1.3.1"
requires_python = ">=3.8"
summary = "Extension pack for Python Markdown and MkDocs Material."
groups = ["doc"]
files = [
    {file = "mkdocs_material_extensions-1.3.1-py3-none-any.whl", hash = "sha256:adff8b62700b25cb77b53358dad940f3ef973dd6db797907c49e3c2ef3ab4e31"},
    {file = "mkdocs_material_extensions-1.3.1.tar.gz", hash = "sha256:10c9511cea88f568257f960358a467d12b970e1f7b2c0e5fb2bb48cab1928443"},
]

[[package]]
name = "mkdocstrings"
version = "0.24.0"
requires_python = ">=3.8"
summary = "Automatic documentation from sources, for MkDocs."
groups = ["doc"]
dependencies = [
    "Jinja2>=2.11.1",
    "Markdown>=3.3",
    "MarkupSafe>=1.1",
    "click>=7.0",
    "mkdocs-autorefs>=0.3.1",
    "mkdocs>=1.4",
    "platformdirs>=2.2.0",
    "pymdown-extensions>=6.3",
]
files = [
    {file = "mkdocstrings-0.24.0-py3-none-any.whl", hash = "sha256:f4908560c10f587326d8f5165d1908817b2e280bbf707607f601c996366a2264"},
    {file = "mkdocstrings-0.24.0.tar.gz", hash = "sha256:222b1165be41257b494a9d29b14135d2b7ca43f38161d5b10caae03b87bd4f7e"},
]

[[package]]
name = "mkdocstrings-python"
version = "1.8.0"
requires_python = ">=3.8"
summary = "A Python handler for mkdocstrings."
groups = ["doc"]
dependencies = [
    "griffe>=0.37",
    "mkdocstrings>=0.20",
]
files = [
    {file = "mkdocstrings_python-1.8.0-py3-none-any.whl", hash = "sha256:4209970cc90bec194568682a535848a8d8489516c6ed4adbe58bbc67b699ca9d"},
    {file = "mkdocstrings_python-1.8.0.tar.gz", hash = "sha256:1488bddf50ee42c07d9a488dddc197f8e8999c2899687043ec5dd1643d057192"},
]

[[package]]
name = "mkdocstrings"
version = "0.24.0"
extras = ["python"]
requires_python = ">=3.8"
summary = "Automatic documentation from sources, for MkDocs."
groups = ["doc"]
dependencies = [
    "mkdocstrings-python>=0.5.2",
    "mkdocstrings==0.24.0",
]
files = [
    {file = "mkdocstrings-0.24.0-py3-none-any.whl", hash = "sha256:f4908560c10f587326d8f5165d1908817b2e280bbf707607f601c996366a2264"},
    {file = "mkdocstrings-0.24.0.tar.gz", hash = "sha256:222b1165be41257b494a9d29b14135d2b7ca43f38161d5b10caae03b87bd4f7e"},
]

[[package]]
name = "nodeenv"
version = "1.8.0"
requires_python = ">=2.7,!=3.0.*,!=3.1.*,!=3.2.*,!=3.3.*,!=3.4.*,!=3.5.*,!=3.6.*"
summary = "Node.js virtual environment builder"
groups = ["lint"]
dependencies = [
    "setuptools",
]
files = [
    {file = "nodeenv-1.8.0-py2.py3-none-any.whl", hash = "sha256:df865724bb3c3adc86b3876fa209771517b0cfe596beff01a92700e0e8be4cec"},
    {file = "nodeenv-1.8.0.tar.gz", hash = "sha256:d51e0c37e64fbf47d017feac3145cdbb58836d7eee8c6f6d3b6880c5456227d2"},
]

[[package]]
name = "packaging"
version = "23.2"
requires_python = ">=3.7"
summary = "Core utilities for Python packages"
groups = ["doc"]
files = [
    {file = "packaging-23.2-py3-none-any.whl", hash = "sha256:8c491190033a9af7e1d931d0b5dacc2ef47509b34dd0de67ed209b5203fc88c7"},
    {file = "packaging-23.2.tar.gz", hash = "sha256:048fb0e9405036518eaaf48a55953c750c11e1a1b68e0dd1a9d62ed0c092cfc5"},
]

[[package]]
name = "paginate"
version = "0.5.6"
summary = "Divides large result sets into pages for easier browsing"
groups = ["doc"]
files = [
    {file = "paginate-0.5.6.tar.gz", hash = "sha256:5e6007b6a9398177a7e1648d04fdd9f8c9766a1a945bceac82f1929e8c78af2d"},
]

[[package]]
name = "parso"
version = "0.8.3"
requires_python = ">=3.6"
summary = "A Python Parser"
groups = ["dev"]
files = [
    {file = "parso-0.8.3-py2.py3-none-any.whl", hash = "sha256:c001d4636cd3aecdaf33cbb40aebb59b094be2a74c556778ef5576c175e19e75"},
    {file = "parso-0.8.3.tar.gz", hash = "sha256:8c07be290bb59f03588915921e29e8a50002acaf2cdc5fa0e0114f91709fafa0"},
]

[[package]]
name = "pathspec"
version = "0.12.1"
requires_python = ">=3.8"
summary = "Utility library for gitignore style pattern matching of file paths."
groups = ["doc"]
files = [
    {file = "pathspec-0.12.1-py3-none-any.whl", hash = "sha256:a0d503e138a4c123b27490a4f7beda6a01c6f288df0e4a8b79c7eb0dc7b4cc08"},
    {file = "pathspec-0.12.1.tar.gz", hash = "sha256:a482d51503a1ab33b1c67a6c3813a26953dbdc71c31dacaef9a838c4e29f5712"},
]

[[package]]
name = "pexpect"
version = "4.9.0"
summary = "Pexpect allows easy control of interactive console applications."
groups = ["dev"]
marker = "sys_platform != \"win32\""
dependencies = [
    "ptyprocess>=0.5",
]
files = [
    {file = "pexpect-4.9.0-py2.py3-none-any.whl", hash = "sha256:7236d1e080e4936be2dc3e326cec0af72acf9212a7e1d060210e70a47e253523"},
    {file = "pexpect-4.9.0.tar.gz", hash = "sha256:ee7d41123f3c9911050ea2c2dac107568dc43b2d3b0c7557a33212c398ead30f"},
]

[[package]]
name = "platformdirs"
version = "4.1.0"
requires_python = ">=3.8"
summary = "A small Python package for determining appropriate platform-specific dirs, e.g. a \"user data dir\"."
groups = ["doc", "lint"]
files = [
    {file = "platformdirs-4.1.0-py3-none-any.whl", hash = "sha256:11c8f37bcca40db96d8144522d925583bdb7a31f7b0e37e3ed4318400a8e2380"},
    {file = "platformdirs-4.1.0.tar.gz", hash = "sha256:906d548203468492d432bcb294d4bc2fff751bf84971fbb2c10918cc206ee420"},
]

[[package]]
name = "pre-commit"
version = "3.6.0"
requires_python = ">=3.9"
summary = "A framework for managing and maintaining multi-language pre-commit hooks."
groups = ["lint"]
dependencies = [
    "cfgv>=2.0.0",
    "identify>=1.0.0",
    "nodeenv>=0.11.1",
    "pyyaml>=5.1",
    "virtualenv>=20.10.0",
]
files = [
    {file = "pre_commit-3.6.0-py2.py3-none-any.whl", hash = "sha256:c255039ef399049a5544b6ce13d135caba8f2c28c3b4033277a788f434308376"},
    {file = "pre_commit-3.6.0.tar.gz", hash = "sha256:d30bad9abf165f7785c15a21a1f46da7d0677cb00ee7ff4c579fd38922efe15d"},
]

[[package]]
name = "prompt-toolkit"
version = "3.0.43"
requires_python = ">=3.7.0"
summary = "Library for building powerful interactive command lines in Python"
groups = ["dev"]
dependencies = [
    "wcwidth",
]
files = [
    {file = "prompt_toolkit-3.0.43-py3-none-any.whl", hash = "sha256:a11a29cb3bf0a28a387fe5122cdb649816a957cd9261dcedf8c9f1fef33eacf6"},
    {file = "prompt_toolkit-3.0.43.tar.gz", hash = "sha256:3527b7af26106cbc65a040bcc84839a3566ec1b051bb0bfe953631e704b0ff7d"},
]

[[package]]
name = "ptyprocess"
version = "0.7.0"
summary = "Run a subprocess in a pseudo terminal"
groups = ["dev"]
marker = "sys_platform != \"win32\""
files = [
    {file = "ptyprocess-0.7.0-py2.py3-none-any.whl", hash = "sha256:4b41f3967fce3af57cc7e94b888626c18bf37a083e3651ca8feeb66d492fef35"},
    {file = "ptyprocess-0.7.0.tar.gz", hash = "sha256:5c5d0a3b48ceee0b48485e0c26037c0acd7d29765ca3fbb5cb3831d347423220"},
]

[[package]]
name = "pure-eval"
version = "0.2.2"
summary = "Safely evaluate AST nodes without side effects"
groups = ["dev"]
files = [
    {file = "pure_eval-0.2.2-py3-none-any.whl", hash = "sha256:01eaab343580944bc56080ebe0a674b39ec44a945e6d09ba7db3cb8cec289350"},
    {file = "pure_eval-0.2.2.tar.gz", hash = "sha256:2b45320af6dfaa1750f543d714b6d1c520a1688dec6fd24d339063ce0aaa9ac3"},
]

[[package]]
name = "pygments"
version = "2.17.2"
requires_python = ">=3.7"
summary = "Pygments is a syntax highlighting package written in Python."
groups = ["dev", "doc"]
files = [
    {file = "pygments-2.17.2-py3-none-any.whl", hash = "sha256:b27c2826c47d0f3219f29554824c30c5e8945175d888647acd804ddd04af846c"},
    {file = "pygments-2.17.2.tar.gz", hash = "sha256:da46cec9fd2de5be3a8a784f434e4c4ab670b4ff54d605c4c2717e9d49c4c367"},
]

[[package]]
name = "pymdown-extensions"
version = "10.7"
requires_python = ">=3.8"
summary = "Extension pack for Python Markdown."
groups = ["doc"]
dependencies = [
    "markdown>=3.5",
    "pyyaml",
]
files = [
    {file = "pymdown_extensions-10.7-py3-none-any.whl", hash = "sha256:6ca215bc57bc12bf32b414887a68b810637d039124ed9b2e5bd3325cbb2c050c"},
    {file = "pymdown_extensions-10.7.tar.gz", hash = "sha256:c0d64d5cf62566f59e6b2b690a4095c931107c250a8c8e1351c1de5f6b036deb"},
]

[[package]]
name = "pyright"
version = "1.1.348"
requires_python = ">=3.7"
summary = "Command line wrapper for pyright"
groups = ["lint"]
dependencies = [
    "nodeenv>=1.6.0",
]
files = [
    {file = "pyright-1.1.348-py3-none-any.whl", hash = "sha256:e7d4df504c4c082b5c3725a8c15fc3fda62da5d09fc77994baa77f359a1b62f2"},
    {file = "pyright-1.1.348.tar.gz", hash = "sha256:1c6994546f7ab130b9da8c357f8b2a99bef268b6d8ae2eae292bde66923aa7af"},
]

[[package]]
name = "python-dateutil"
version = "2.8.2"
requires_python = "!=3.0.*,!=3.1.*,!=3.2.*,>=2.7"
summary = "Extensions to the standard Python datetime module"
groups = ["doc"]
dependencies = [
    "six>=1.5",
]
files = [
    {file = "python-dateutil-2.8.2.tar.gz", hash = "sha256:0123cacc1627ae19ddf3c27a5de5bd67ee4586fbdd6440d9748f8abb483d3e86"},
    {file = "python_dateutil-2.8.2-py2.py3-none-any.whl", hash = "sha256:961d03dc3453ebbc59dbdea9e4e11c5651520a876d0f4db161e8674aae935da9"},
]

[[package]]
name = "pyyaml"
version = "6.0.1"
requires_python = ">=3.6"
summary = "YAML parser and emitter for Python"
groups = ["doc", "lint"]
files = [
    {file = "PyYAML-6.0.1-cp312-cp312-macosx_10_9_x86_64.whl", hash = "sha256:855fb52b0dc35af121542a76b9a84f8d1cd886ea97c84703eaa6d88e37a2ad28"},
    {file = "PyYAML-6.0.1-cp312-cp312-macosx_11_0_arm64.whl", hash = "sha256:40df9b996c2b73138957fe23a16a4f0ba614f4c0efce1e9406a184b6d07fa3a9"},
    {file = "PyYAML-6.0.1-cp312-cp312-manylinux_2_17_aarch64.manylinux2014_aarch64.whl", hash = "sha256:a08c6f0fe150303c1c6b71ebcd7213c2858041a7e01975da3a99aed1e7a378ef"},
    {file = "PyYAML-6.0.1-cp312-cp312-manylinux_2_17_x86_64.manylinux2014_x86_64.whl", hash = "sha256:6c22bec3fbe2524cde73d7ada88f6566758a8f7227bfbf93a408a9d86bcc12a0"},
    {file = "PyYAML-6.0.1-cp312-cp312-musllinux_1_1_x86_64.whl", hash = "sha256:8d4e9c88387b0f5c7d5f281e55304de64cf7f9c0021a3525bd3b1c542da3b0e4"},
    {file = "PyYAML-6.0.1-cp312-cp312-win32.whl", hash = "sha256:d483d2cdf104e7c9fa60c544d92981f12ad66a457afae824d146093b8c294c54"},
    {file = "PyYAML-6.0.1-cp312-cp312-win_amd64.whl", hash = "sha256:0d3304d8c0adc42be59c5f8a4d9e3d7379e6955ad754aa9d6ab7a398b59dd1df"},
    {file = "PyYAML-6.0.1.tar.gz", hash = "sha256:bfdf460b1736c775f2ba9f6a92bca30bc2095067b8a9d77876d1fad6cc3b4a43"},
]

[[package]]
name = "pyyaml-env-tag"
version = "0.1"
requires_python = ">=3.6"
summary = "A custom YAML tag for referencing environment variables in YAML files. "
groups = ["doc"]
dependencies = [
    "pyyaml",
]
files = [
    {file = "pyyaml_env_tag-0.1-py3-none-any.whl", hash = "sha256:af31106dec8a4d68c60207c1886031cbf839b68aa7abccdb19868200532c2069"},
    {file = "pyyaml_env_tag-0.1.tar.gz", hash = "sha256:70092675bda14fdec33b31ba77e7543de9ddc88f2e5b99160396572d11525bdb"},
]

[[package]]
name = "regex"
version = "2023.12.25"
requires_python = ">=3.7"
summary = "Alternative regular expression module, to replace re."
groups = ["doc"]
files = [
    {file = "regex-2023.12.25-cp312-cp312-macosx_10_9_universal2.whl", hash = "sha256:8a0ccf52bb37d1a700375a6b395bff5dd15c50acb745f7db30415bae3c2b0715"},
    {file = "regex-2023.12.25-cp312-cp312-macosx_10_9_x86_64.whl", hash = "sha256:c3c4a78615b7762740531c27cf46e2f388d8d727d0c0c739e72048beb26c8a9d"},
    {file = "regex-2023.12.25-cp312-cp312-macosx_11_0_arm64.whl", hash = "sha256:ad83e7545b4ab69216cef4cc47e344d19622e28aabec61574b20257c65466d6a"},
    {file = "regex-2023.12.25-cp312-cp312-manylinux_2_17_aarch64.manylinux2014_aarch64.whl", hash = "sha256:b7a635871143661feccce3979e1727c4e094f2bdfd3ec4b90dfd4f16f571a87a"},
    {file = "regex-2023.12.25-cp312-cp312-manylinux_2_17_ppc64le.manylinux2014_ppc64le.whl", hash = "sha256:d498eea3f581fbe1b34b59c697512a8baef88212f92e4c7830fcc1499f5b45a5"},
    {file = "regex-2023.12.25-cp312-cp312-manylinux_2_17_s390x.manylinux2014_s390x.whl", hash = "sha256:43f7cd5754d02a56ae4ebb91b33461dc67be8e3e0153f593c509e21d219c5060"},
    {file = "regex-2023.12.25-cp312-cp312-manylinux_2_17_x86_64.manylinux2014_x86_64.whl", hash = "sha256:51f4b32f793812714fd5307222a7f77e739b9bc566dc94a18126aba3b92b98a3"},
    {file = "regex-2023.12.25-cp312-cp312-manylinux_2_5_i686.manylinux1_i686.manylinux_2_17_i686.manylinux2014_i686.whl", hash = "sha256:ba99d8077424501b9616b43a2d208095746fb1284fc5ba490139651f971d39d9"},
    {file = "regex-2023.12.25-cp312-cp312-musllinux_1_1_aarch64.whl", hash = "sha256:4bfc2b16e3ba8850e0e262467275dd4d62f0d045e0e9eda2bc65078c0110a11f"},
    {file = "regex-2023.12.25-cp312-cp312-musllinux_1_1_i686.whl", hash = "sha256:8c2c19dae8a3eb0ea45a8448356ed561be843b13cbc34b840922ddf565498c1c"},
    {file = "regex-2023.12.25-cp312-cp312-musllinux_1_1_ppc64le.whl", hash = "sha256:60080bb3d8617d96f0fb7e19796384cc2467447ef1c491694850ebd3670bc457"},
    {file = "regex-2023.12.25-cp312-cp312-musllinux_1_1_s390x.whl", hash = "sha256:b77e27b79448e34c2c51c09836033056a0547aa360c45eeeb67803da7b0eedaf"},
    {file = "regex-2023.12.25-cp312-cp312-musllinux_1_1_x86_64.whl", hash = "sha256:518440c991f514331f4850a63560321f833979d145d7d81186dbe2f19e27ae3d"},
    {file = "regex-2023.12.25-cp312-cp312-win32.whl", hash = "sha256:e2610e9406d3b0073636a3a2e80db05a02f0c3169b5632022b4e81c0364bcda5"},
    {file = "regex-2023.12.25-cp312-cp312-win_amd64.whl", hash = "sha256:cc37b9aeebab425f11f27e5e9e6cf580be7206c6582a64467a14dda211abc232"},
    {file = "regex-2023.12.25.tar.gz", hash = "sha256:29171aa128da69afdf4bde412d5bedc335f2ca8fcfe4489038577d05f16181e5"},
]

[[package]]
name = "requests"
version = "2.31.0"
requires_python = ">=3.7"
summary = "Python HTTP for Humans."
groups = ["doc"]
dependencies = [
    "certifi>=2017.4.17",
    "charset-normalizer<4,>=2",
    "idna<4,>=2.5",
    "urllib3<3,>=1.21.1",
]
files = [
    {file = "requests-2.31.0-py3-none-any.whl", hash = "sha256:58cd2187c01e70e6e26505bca751777aa9f2ee0b7f4300988b709f44e013003f"},
    {file = "requests-2.31.0.tar.gz", hash = "sha256:942c5a758f98d790eaed1a29cb6eefc7ffb0d1cf7af05c3d2791656dbd6ad1e1"},
]

[[package]]
name = "rich"
version = "13.7.0"
requires_python = ">=3.7.0"
summary = "Render rich text, tables, progress bars, syntax highlighting, markdown and more to the terminal"
groups = ["dev"]
dependencies = [
    "markdown-it-py>=2.2.0",
    "pygments<3.0.0,>=2.13.0",
]
files = [
    {file = "rich-13.7.0-py3-none-any.whl", hash = "sha256:6da14c108c4866ee9520bbffa71f6fe3962e193b7da68720583850cd4548e235"},
    {file = "rich-13.7.0.tar.gz", hash = "sha256:5cb5123b5cf9ee70584244246816e9114227e0b98ad9176eede6ad54bf5403fa"},
]

[[package]]
name = "ruff"
version = "0.1.14"
requires_python = ">=3.7"
summary = "An extremely fast Python linter and code formatter, written in Rust."
groups = ["lint"]
files = [
    {file = "ruff-0.1.14-py3-none-macosx_10_12_x86_64.macosx_11_0_arm64.macosx_10_12_universal2.whl", hash = "sha256:96f76536df9b26622755c12ed8680f159817be2f725c17ed9305b472a757cdbb"},
    {file = "ruff-0.1.14-py3-none-macosx_10_12_x86_64.whl", hash = "sha256:ab3f71f64498c7241123bb5a768544cf42821d2a537f894b22457a543d3ca7a9"},
    {file = "ruff-0.1.14-py3-none-manylinux_2_17_aarch64.manylinux2014_aarch64.whl", hash = "sha256:7060156ecc572b8f984fd20fd8b0fcb692dd5d837b7606e968334ab7ff0090ab"},
    {file = "ruff-0.1.14-py3-none-manylinux_2_17_armv7l.manylinux2014_armv7l.whl", hash = "sha256:a53d8e35313d7b67eb3db15a66c08434809107659226a90dcd7acb2afa55faea"},
    {file = "ruff-0.1.14-py3-none-manylinux_2_17_i686.manylinux2014_i686.whl", hash = "sha256:bea9be712b8f5b4ebed40e1949379cfb2a7d907f42921cf9ab3aae07e6fba9eb"},
    {file = "ruff-0.1.14-py3-none-manylinux_2_17_ppc64.manylinux2014_ppc64.whl", hash = "sha256:2270504d629a0b064247983cbc495bed277f372fb9eaba41e5cf51f7ba705a6a"},
    {file = "ruff-0.1.14-py3-none-manylinux_2_17_ppc64le.manylinux2014_ppc64le.whl", hash = "sha256:80258bb3b8909b1700610dfabef7876423eed1bc930fe177c71c414921898efa"},
    {file = "ruff-0.1.14-py3-none-manylinux_2_17_s390x.manylinux2014_s390x.whl", hash = "sha256:653230dd00aaf449eb5ff25d10a6e03bc3006813e2cb99799e568f55482e5cae"},
    {file = "ruff-0.1.14-py3-none-manylinux_2_17_x86_64.manylinux2014_x86_64.whl", hash = "sha256:87b3acc6c4e6928459ba9eb7459dd4f0c4bf266a053c863d72a44c33246bfdbf"},
    {file = "ruff-0.1.14-py3-none-musllinux_1_2_aarch64.whl", hash = "sha256:6b3dadc9522d0eccc060699a9816e8127b27addbb4697fc0c08611e4e6aeb8b5"},
    {file = "ruff-0.1.14-py3-none-musllinux_1_2_armv7l.whl", hash = "sha256:1c8eca1a47b4150dc0fbec7fe68fc91c695aed798532a18dbb1424e61e9b721f"},
    {file = "ruff-0.1.14-py3-none-musllinux_1_2_i686.whl", hash = "sha256:62ce2ae46303ee896fc6811f63d6dabf8d9c389da0f3e3f2bce8bc7f15ef5488"},
    {file = "ruff-0.1.14-py3-none-musllinux_1_2_x86_64.whl", hash = "sha256:b2027dde79d217b211d725fc833e8965dc90a16d0d3213f1298f97465956661b"},
    {file = "ruff-0.1.14-py3-none-win32.whl", hash = "sha256:722bafc299145575a63bbd6b5069cb643eaa62546a5b6398f82b3e4403329cab"},
    {file = "ruff-0.1.14-py3-none-win_amd64.whl", hash = "sha256:e3d241aa61f92b0805a7082bd89a9990826448e4d0398f0e2bc8f05c75c63d99"},
    {file = "ruff-0.1.14-py3-none-win_arm64.whl", hash = "sha256:269302b31ade4cde6cf6f9dd58ea593773a37ed3f7b97e793c8594b262466b67"},
    {file = "ruff-0.1.14.tar.gz", hash = "sha256:ad3f8088b2dfd884820289a06ab718cde7d38b94972212cc4ba90d5fbc9955f3"},
]

[[package]]
name = "setuptools"
version = "69.0.3"
requires_python = ">=3.8"
summary = "Easily download, build, install, upgrade, and uninstall Python packages"
groups = ["lint"]
files = [
    {file = "setuptools-69.0.3-py3-none-any.whl", hash = "sha256:385eb4edd9c9d5c17540511303e39a147ce2fc04bc55289c322b9e5904fe2c05"},
    {file = "setuptools-69.0.3.tar.gz", hash = "sha256:be1af57fc409f93647f2e8e4573a142ed38724b8cdd389706a867bb4efcf1e78"},
]

[[package]]
name = "six"
version = "1.16.0"
requires_python = ">=2.7, !=3.0.*, !=3.1.*, !=3.2.*"
summary = "Python 2 and 3 compatibility utilities"
groups = ["dev", "doc"]
files = [
    {file = "six-1.16.0-py2.py3-none-any.whl", hash = "sha256:8abb2f1d86890a2dfb989f9a77cfcfd3e47c2a354b01111771326f8aa26e0254"},
    {file = "six-1.16.0.tar.gz", hash = "sha256:1e61c37477a1626458e36f7b1d82aa5c9b094fa4802892072e49de9c60c4c926"},
]

[[package]]
name = "stack-data"
version = "0.6.3"
summary = "Extract data from python stack frames and tracebacks for informative displays"
groups = ["dev"]
dependencies = [
    "asttokens>=2.1.0",
    "executing>=1.2.0",
    "pure-eval",
]
files = [
    {file = "stack_data-0.6.3-py3-none-any.whl", hash = "sha256:d5558e0c25a4cb0853cddad3d77da9891a08cb85dd9f9f91b9f8cd66e511e695"},
    {file = "stack_data-0.6.3.tar.gz", hash = "sha256:836a778de4fec4dcd1dcd89ed8abff8a221f58308462e1c4aa2a3cf30148f0b9"},
]

[[package]]
name = "traitlets"
version = "5.14.1"
requires_python = ">=3.8"
summary = "Traitlets Python configuration system"
groups = ["dev"]
files = [
    {file = "traitlets-5.14.1-py3-none-any.whl", hash = "sha256:2e5a030e6eff91737c643231bfcf04a65b0132078dad75e4936700b213652e74"},
    {file = "traitlets-5.14.1.tar.gz", hash = "sha256:8585105b371a04b8316a43d5ce29c098575c2e477850b62b848b964f1444527e"},
]

[[package]]
name = "urllib3"
version = "2.1.0"
requires_python = ">=3.8"
summary = "HTTP library with thread-safe connection pooling, file post, and more."
groups = ["doc"]
files = [
    {file = "urllib3-2.1.0-py3-none-any.whl", hash = "sha256:55901e917a5896a349ff771be919f8bd99aff50b79fe58fec595eb37bbc56bb3"},
    {file = "urllib3-2.1.0.tar.gz", hash = "sha256:df7aa8afb0148fa78488e7899b2c59b5f4ffcfa82e6c54ccb9dd37c1d7b52d54"},
]

[[package]]
name = "virtualenv"
version = "20.25.0"
requires_python = ">=3.7"
summary = "Virtual Python Environment builder"
groups = ["lint"]
dependencies = [
    "distlib<1,>=0.3.7",
    "filelock<4,>=3.12.2",
    "platformdirs<5,>=3.9.1",
]
files = [
    {file = "virtualenv-20.25.0-py3-none-any.whl", hash = "sha256:4238949c5ffe6876362d9c0180fc6c3a824a7b12b80604eeb8085f2ed7460de3"},
    {file = "virtualenv-20.25.0.tar.gz", hash = "sha256:bf51c0d9c7dd63ea8e44086fa1e4fb1093a31e963b86959257378aef020e1f1b"},
]

[[package]]
name = "watchdog"
version = "3.0.0"
requires_python = ">=3.7"
summary = "Filesystem events monitoring"
groups = ["doc"]
files = [
    {file = "watchdog-3.0.0-pp37-pypy37_pp73-macosx_10_9_x86_64.whl", hash = "sha256:13bbbb462ee42ec3c5723e1205be8ced776f05b100e4737518c67c8325cf6100"},
    {file = "watchdog-3.0.0-pp38-pypy38_pp73-macosx_10_9_x86_64.whl", hash = "sha256:8f3ceecd20d71067c7fd4c9e832d4e22584318983cabc013dbf3f70ea95de346"},
    {file = "watchdog-3.0.0-pp39-pypy39_pp73-macosx_10_9_x86_64.whl", hash = "sha256:c9d8c8ec7efb887333cf71e328e39cffbf771d8f8f95d308ea4125bf5f90ba64"},
    {file = "watchdog-3.0.0-py3-none-manylinux2014_aarch64.whl", hash = "sha256:0e06ab8858a76e1219e68c7573dfeba9dd1c0219476c5a44d5333b01d7e1743a"},
    {file = "watchdog-3.0.0-py3-none-manylinux2014_armv7l.whl", hash = "sha256:d00e6be486affb5781468457b21a6cbe848c33ef43f9ea4a73b4882e5f188a44"},
    {file = "watchdog-3.0.0-py3-none-manylinux2014_i686.whl", hash = "sha256:c07253088265c363d1ddf4b3cdb808d59a0468ecd017770ed716991620b8f77a"},
    {file = "watchdog-3.0.0-py3-none-manylinux2014_ppc64.whl", hash = "sha256:5113334cf8cf0ac8cd45e1f8309a603291b614191c9add34d33075727a967709"},
    {file = "watchdog-3.0.0-py3-none-manylinux2014_ppc64le.whl", hash = "sha256:51f90f73b4697bac9c9a78394c3acbbd331ccd3655c11be1a15ae6fe289a8c83"},
    {file = "watchdog-3.0.0-py3-none-manylinux2014_s390x.whl", hash = "sha256:ba07e92756c97e3aca0912b5cbc4e5ad802f4557212788e72a72a47ff376950d"},
    {file = "watchdog-3.0.0-py3-none-manylinux2014_x86_64.whl", hash = "sha256:d429c2430c93b7903914e4db9a966c7f2b068dd2ebdd2fa9b9ce094c7d459f33"},
    {file = "watchdog-3.0.0-py3-none-win32.whl", hash = "sha256:3ed7c71a9dccfe838c2f0b6314ed0d9b22e77d268c67e015450a29036a81f60f"},
    {file = "watchdog-3.0.0-py3-none-win_amd64.whl", hash = "sha256:4c9956d27be0bb08fc5f30d9d0179a855436e655f046d288e2bcc11adfae893c"},
    {file = "watchdog-3.0.0-py3-none-win_ia64.whl", hash = "sha256:5d9f3a10e02d7371cd929b5d8f11e87d4bad890212ed3901f9b4d68767bee759"},
    {file = "watchdog-3.0.0.tar.gz", hash = "sha256:4d98a320595da7a7c5a18fc48cb633c2e73cda78f93cac2ef42d42bf609a33f9"},
]

[[package]]
name = "wcwidth"
version = "0.2.13"
summary = "Measures the displayed width of unicode strings in a terminal"
groups = ["dev"]
files = [
    {file = "wcwidth-0.2.13-py2.py3-none-any.whl", hash = "sha256:3da69048e4540d84af32131829ff948f1e022c1c6bdb8d6102117aac784f6859"},
    {file = "wcwidth-0.2.13.tar.gz", hash = "sha256:72ea0c06399eb286d978fdedb6923a9eb47e1c486ce63e9b4e64fc18303972b5"},
]

[[package]]
name = "werkzeug"
version = "3.0.1"
requires_python = ">=3.8"
summary = "The comprehensive WSGI web application library."
groups = ["default"]
dependencies = [
    "MarkupSafe>=2.1.1",
]
files = [
    {file = "werkzeug-3.0.1-py3-none-any.whl", hash = "sha256:90a285dc0e42ad56b34e696398b8122ee4c681833fb35b8334a095d82c56da10"},
    {file = "werkzeug-3.0.1.tar.gz", hash = "sha256:507e811ecea72b18a404947aded4b3390e1db8f826b494d76550ef45bb3b1dcc"},
]
